
Microsoft Visual Studio Solution File, Format Version 12.00
# Visual Studio Version 16
VisualStudioVersion = 16.0.32602.291
MinimumVisualStudioVersion = 10.0.40219.1
Project("{FAE04EC0-301F-11D3-BF4B-00C04F79EFBC}") = "GHWT", "GHWT\GHWT.csproj", "{B957163F-F783-439E-9CA9-B680976E4010}"
EndProject
Global
	GlobalSection(SolutionConfigurationPlatforms) = preSolution
		Debug|Any CPU = Debug|Any CPU
		Release|Any CPU = Release|Any CPU
	EndGlobalSection
	GlobalSection(ProjectConfigurationPlatforms) = postSolution
		{B957163F-F783-439E-9CA9-B680976E4010}.Debug|Any CPU.ActiveCfg = Debug|Any CPU
		{B957163F-F783-439E-9CA9-B680976E4010}.Debug|Any CPU.Build.0 = Debug|Any CPU
		{B957163F-F783-439E-9CA9-B680976E4010}.Release|Any CPU.ActiveCfg = Release|Any CPU
		{B957163F-F783-439E-9CA9-B680976E4010}.Release|Any CPU.Build.0 = Release|Any CPU
	EndGlobalSection
	GlobalSection(SolutionProperties) = preSolution
		HideSolutionNode = FALSE
	EndGlobalSection
	GlobalSection(ExtensibilityGlobals) = postSolution
		SolutionGuid = {605D6190-FAF3-4B58-8924-307FF1264CF2}
	EndGlobalSection
EndGlobal
